
Microsoft Visual Studio Solution File, Format Version 11.00
# Visual Studio 2010
Project("{8BC9CEB8-8B4A-11D0-8D11-00A0C91BC942}") = "Memories", "Memories\Memories.vcxproj", "{E54A1137-0F8D-4075-B712-3B0CEC0CBAA8}"
EndProject
Global
	GlobalSection(SolutionConfigurationPlatforms) = preSolution
		Debug|PS3 = Debug|PS3
		Release|PS3 = Release|PS3
	EndGlobalSection
	GlobalSection(ProjectConfigurationPlatforms) = postSolution
		{E54A1137-0F8D-4075-B712-3B0CEC0CBAA8}.Debug|PS3.ActiveCfg = Debug|PS3
		{E54A1137-0F8D-4075-B712-3B0CEC0CBAA8}.Debug|PS3.Build.0 = Debug|PS3
		{E54A1137-0F8D-4075-B712-3B0CEC0CBAA8}.Release|PS3.ActiveCfg = Release|PS3
		{E54A1137-0F8D-4075-B712-3B0CEC0CBAA8}.Release|PS3.Build.0 = Release|PS3
	EndGlobalSection
	GlobalSection(SolutionProperties) = preSolution
		HideSolutionNode = FALSE
	EndGlobalSection
EndGlobal
